
Microsoft Visual Studio Solution File, Format Version 12.00
Project("{FAE04EC0-301F-11D3-BF4B-00C04F79EFBC}") = "calculatorapp", "calculatorapp\calculatorapp.csproj", "{DC92C1A0-A769-4660-922D-80D4F89A1022}"
EndProject
Global
	GlobalSection(SolutionConfigurationPlatforms) = preSolution
		Debug|Any CPU = Debug|Any CPU
		Release|Any CPU = Release|Any CPU
	EndGlobalSection
	GlobalSection(ProjectConfigurationPlatforms) = postSolution
		{DC92C1A0-A769-4660-922D-80D4F89A1022}.Debug|Any CPU.ActiveCfg = Debug|Any CPU
		{DC92C1A0-A769-4660-922D-80D4F89A1022}.Debug|Any CPU.Build.0 = Debug|Any CPU
		{DC92C1A0-A769-4660-922D-80D4F89A1022}.Release|Any CPU.ActiveCfg = Release|Any CPU
		{DC92C1A0-A769-4660-922D-80D4F89A1022}.Release|Any CPU.Build.0 = Release|Any CPU
	EndGlobalSection
EndGlobal
